schema: '2.0'
stages:
  import_raw_data:
    cmd: python src/data/import_raw_data.py
    deps:
    - path: src/data/import_raw_data.py
      hash: md5
      md5: ad196ff54112d33dc3eac01a876ed2ec
      size: 1849
    outs:
    - path: data/raw_data/raw.csv
      hash: md5
      md5: 617b56af2992376d5c3e91ad80823898
      size: 333757
  train_test_split:
    cmd: python src/data/data_splitting.py
    deps:
    - path: data/raw_data/raw.csv
      hash: md5
      md5: 617b56af2992376d5c3e91ad80823898
      size: 333757
    - path: src/data/data_splitting.py
      hash: md5
      md5: 3f6a486e804cb744574e6a514a5bf412
      size: 2812
    outs:
    - path: data/processed_data/X_test.csv
      hash: md5
      md5: 211f66015a3bd9cc1a9e75c13a5ed1d7
      size: 89695
    - path: data/processed_data/X_train.csv
      hash: md5
      md5: e001a3f83035ca5fea973917920cd0f1
      size: 208747
    - path: data/processed_data/y_test.csv
      hash: md5
      md5: e064ea83fe860a49b9e9cfab1e8ec5a7
      size: 9697
    - path: data/processed_data/y_train.csv
      hash: md5
      md5: 4f1097f0b9053f0a94904c047541877f
      size: 22710
  normalization:
    cmd: python src/data/data_normalization.py
    deps:
    - path: data/processed_data/X_test.csv
      hash: md5
      md5: 211f66015a3bd9cc1a9e75c13a5ed1d7
      size: 89695
    - path: data/processed_data/X_train.csv
      hash: md5
      md5: e001a3f83035ca5fea973917920cd0f1
      size: 208747
    - path: src/data/data_normalization.py
      hash: md5
      md5: 33d78302268a01cc4641aa12131f2120
      size: 2998
    outs:
    - path: data/processed_data/X_test_scaled.csv
      hash: md5
      md5: 306bd5551feb5a1852b9969b57e740a8
      size: 85437
    - path: data/processed_data/X_train_scaled.csv
      hash: md5
      md5: 41c0d8ca5d92b44b00b18db4d7d6db9d
      size: 198675
  gridSearch:
    cmd: python src/models/gridsearch_rf.py
    deps:
    - path: data/processed_data/X_train_scaled.csv
      hash: md5
      md5: 41c0d8ca5d92b44b00b18db4d7d6db9d
      size: 198675
    - path: data/processed_data/y_train.csv
      hash: md5
      md5: 4f1097f0b9053f0a94904c047541877f
      size: 22710
    - path: src/models/gridsearch_rf.py
      hash: md5
      md5: 3fc929a2a10660350a2604d7c797be5b
      size: 876
    outs:
    - path: models/gridsearch_rf.pkl
      hash: md5
      md5: 9ba95628eeb20cf7b65744323f39fc8f
      size: 1240130
  train:
    cmd: python src/models/train_rf.py
    deps:
    - path: data/processed_data/X_train_scaled.csv
      hash: md5
      md5: 41c0d8ca5d92b44b00b18db4d7d6db9d
      size: 198675
    - path: data/processed_data/y_train.csv
      hash: md5
      md5: 4f1097f0b9053f0a94904c047541877f
      size: 22710
    - path: models/gridsearch_rf.pkl
      hash: md5
      md5: 9ba95628eeb20cf7b65744323f39fc8f
      size: 1240130
    - path: src/models/train_rf.py
      hash: md5
      md5: d93f1e0ef482fcecb5be17dd00c402d5
      size: 812
    outs:
    - path: models/train_rf.pkl
      hash: md5
      md5: fd1a77909d4b1cd0f69f8236ae49bafa
      size: 751155
  evaluate:
    cmd: python src/models/evaluate_rf.py
    deps:
    - path: data/processed_data/X_test_scaled.csv
      hash: md5
      md5: 306bd5551feb5a1852b9969b57e740a8
      size: 85437
    - path: data/processed_data/y_test.csv
      hash: md5
      md5: e064ea83fe860a49b9e9cfab1e8ec5a7
      size: 9697
    - path: models/train_rf.pkl
      hash: md5
      md5: fd1a77909d4b1cd0f69f8236ae49bafa
      size: 751155
    - path: src/models/evaluate_rf.py
      hash: md5
      md5: 5b9f71e7cacb41fe8cd7adb3a1dff663
      size: 867
    outs:
    - path: metrics/accuracy.json
      hash: md5
      md5: f76994651ae0cd7273921b194680d798
      size: 33
